<?xml version="1.0" encoding="utf-8"?>
<Project ToolsVersion="4.0" xmlns="http://schemas.microsoft.com/developer/msbuild/2003">
  <ItemGroup>
    <Filter Include="源文件">
      <UniqueIdentifier>{4FC737F1-C7A5-4376-A066-2A32D752A2FF}</UniqueIdentifier>
      <Extensions>cpp;c;cc;cxx;def;odl;idl;hpj;bat;asm;asmx</Extensions>
    </Filter>
    <Filter Include="头文件">
      <UniqueIdentifier>{93995380-89BD-4b04-88EB-625FBE52EBFB}</UniqueIdentifier>
      <Extensions>h;hh;hpp;hxx;hm;inl;inc;ipp;xsd</Extensions>
    </Filter>
    <Filter Include="资源文件">
      <UniqueIdentifier>{67DA6AB6-F800-4c08-8B7A-83BB121AAD01}</UniqueIdentifier>
      <Extensions>rc;ico;cur;bmp;dlg;rc2;rct;bin;rgs;gif;jpg;jpeg;jpe;resx;tiff;tif;png;wav;mfcribbon-ms</Extensions>
    </Filter>
    <Filter Include="源文件\函数">
      <UniqueIdentifier>{689c8507-2f0e-46f1-a95f-718898d3baef}</UniqueIdentifier>
    </Filter>
    <Filter Include="源文件\start">
      <UniqueIdentifier>{34535e70-67b5-455f-8054-2587e7755582}</UniqueIdentifier>
    </Filter>
  </ItemGroup>
  <ItemGroup>
    <ClCompile Include="判断一个数是不是素数.cpp">
      <Filter>源文件\函数</Filter>
    </ClCompile>
    <ClCompile Include="用函数求方程的根.cpp">
      <Filter>源文件\函数</Filter>
    </ClCompile>
    <ClCompile Include="0-m随便三个数不重复能组成多少个偶数.cpp">
      <Filter>源文件\start</Filter>
    </ClCompile>
    <ClCompile Include="求pi近似的值.cpp">
      <Filter>源文件\start</Filter>
    </ClCompile>
    <ClCompile Include="求累乘法最后一位数字.cpp">
      <Filter>源文件\start</Filter>
    </ClCompile>
    <ClCompile Include="求累加的和.cpp">
      <Filter>源文件\start</Filter>
    </ClCompile>
    <ClCompile Include="求完全数.cpp">
      <Filter>源文件\start</Filter>
    </ClCompile>
    <ClCompile Include="求最大公约数和最小公倍数用函数方法.cpp">
      <Filter>源文件\start</Filter>
    </ClCompile>
    <ClCompile Include="源.cpp">
      <Filter>源文件\start</Filter>
    </ClCompile>
    <ClCompile Include="中值.cpp">
      <Filter>源文件\start</Filter>
    </ClCompile>
    <ClCompile Include="字母变换.cpp">
      <Filter>源文件\start</Filter>
    </ClCompile>
    <ClCompile Include="最大公约数与最小公倍数.cpp">
      <Filter>源文件\函数</Filter>
    </ClCompile>
    <ClCompile Include="判断是否闰年.cpp">
      <Filter>源文件\start</Filter>
    </ClCompile>
    <ClCompile Include="输出日历.cpp">
      <Filter>源文件\函数</Filter>
    </ClCompile>
    <ClCompile Include="正在做的三个数最大值.cpp">
      <Filter>源文件\函数</Filter>
    </ClCompile>
    <ClCompile Include="删除字符.cpp">
      <Filter>源文件\函数</Filter>
    </ClCompile>
    <ClCompile Include="猜随机数.cpp">
      <Filter>源文件\函数</Filter>
    </ClCompile>
    <ClCompile Include="反向输出一个数.cpp">
      <Filter>源文件\函数</Filter>
    </ClCompile>
    <ClCompile Include="三角形的面积.cpp">
      <Filter>源文件\函数</Filter>
    </ClCompile>
    <ClCompile Include="统计各字符的个数.cpp">
      <Filter>源文件\函数</Filter>
    </ClCompile>
    <ClCompile Include="进制转换.cpp">
      <Filter>源文件\函数</Filter>
    </ClCompile>
    <ClCompile Include="i+1除以i的阶乘.cpp">
      <Filter>源文件\函数</Filter>
    </ClCompile>
    <ClCompile Include="用静态变量表示阶乘.cpp">
      <Filter>源文件\函数</Filter>
    </ClCompile>
    <ClCompile Include="距离公式.cpp">
      <Filter>源文件\函数</Filter>
    </ClCompile>
    <ClCompile Include="数字倒序输出.cpp">
      <Filter>源文件\函数</Filter>
    </ClCompile>
    <ClCompile Include="矩阵变换.cpp">
      <Filter>源文件\函数</Filter>
    </ClCompile>
    <ClCompile Include="圆环求四项和最大.cpp">
      <Filter>源文件\函数</Filter>
    </ClCompile>
  </ItemGroup>
</Project>